// !$*UTF8*$!
{
	archiveVersion = 1;
	classes = {
	};
	objectVersion = 56;
	objects = {

/* Begin PBXBuildFile section */
		E60744502A52A19600FBE7A2 /* CustomLoginViewModel.swift in Sources */ = {isa = PBXBuildFile; fileRef = E607444F2A52A19600FBE7A2 /* CustomLoginViewModel.swift */; };
		E60744532A52A47200FBE7A2 /* CustomLoginViewUIProtocol.swift in Sources */ = {isa = PBXBuildFile; fileRef = E60744522A52A47200FBE7A2 /* CustomLoginViewUIProtocol.swift */; };
		E60744582A52AD8F00FBE7A2 /* LoginViewExample.swift in Sources */ = {isa = PBXBuildFile; fileRef = E60744572A52AD8F00FBE7A2 /* LoginViewExample.swift */; };
		E607445F2A52D0F700FBE7A2 /* SegmentedLoginView.swift in Sources */ = {isa = PBXBuildFile; fileRef = E607445E2A52D0F700FBE7A2 /* SegmentedLoginView.swift */; };
		E60744612A52D6FA00FBE7A2 /* LoginType.swift in Sources */ = {isa = PBXBuildFile; fileRef = E60744602A52D6FA00FBE7A2 /* LoginType.swift */; };
		E6E5CB3B2A4D523900EA0031 /* swiftui_reusableApp.swift in Sources */ = {isa = PBXBuildFile; fileRef = E6E5CB3A2A4D523900EA0031 /* swiftui_reusableApp.swift */; };
		E6E5CB3D2A4D523900EA0031 /* ContentView.swift in Sources */ = {isa = PBXBuildFile; fileRef = E6E5CB3C2A4D523900EA0031 /* ContentView.swift */; };
		E6E5CB3F2A4D523A00EA0031 /* Assets.xcassets in Resources */ = {isa = PBXBuildFile; fileRef = E6E5CB3E2A4D523A00EA0031 /* Assets.xcassets */; };
		E6E5CB422A4D523A00EA0031 /* Preview Assets.xcassets in Resources */ = {isa = PBXBuildFile; fileRef = E6E5CB412A4D523A00EA0031 /* Preview Assets.xcassets */; };
		E6E5CB4C2A4D523A00EA0031 /* swiftui_reusableTests.swift in Sources */ = {isa = PBXBuildFile; fileRef = E6E5CB4B2A4D523A00EA0031 /* swiftui_reusableTests.swift */; };
		E6E5CB562A4D523A00EA0031 /* swiftui_reusableUITests.swift in Sources */ = {isa = PBXBuildFile; fileRef = E6E5CB552A4D523A00EA0031 /* swiftui_reusableUITests.swift */; };
		E6E5CB582A4D523A00EA0031 /* swiftui_reusableUITestsLaunchTests.swift in Sources */ = {isa = PBXBuildFile; fileRef = E6E5CB572A4D523A00EA0031 /* swiftui_reusableUITestsLaunchTests.swift */; };
		E6E5CB682A4D55BF00EA0031 /* CustomTextField.swift in Sources */ = {isa = PBXBuildFile; fileRef = E6E5CB672A4D55BF00EA0031 /* CustomTextField.swift */; };
		E6E5CB6A2A4D5F8F00EA0031 /* CustomLoginView.swift in Sources */ = {isa = PBXBuildFile; fileRef = E6E5CB692A4D5F8F00EA0031 /* CustomLoginView.swift */; };
		E6E5CB6C2A4D61AD00EA0031 /* CustomButton.swift in Sources */ = {isa = PBXBuildFile; fileRef = E6E5CB6B2A4D61AD00EA0031 /* CustomButton.swift */; };
		E6E5CB6F2A4D73A700EA0031 /* TextfieldModifiers.swift in Sources */ = {isa = PBXBuildFile; fileRef = E6E5CB6E2A4D73A700EA0031 /* TextfieldModifiers.swift */; };
		E6E5CB712A4D9D7B00EA0031 /* Vaildation.swift in Sources */ = {isa = PBXBuildFile; fileRef = E6E5CB702A4D9D7B00EA0031 /* Vaildation.swift */; };
/* End PBXBuildFile section */

/* Begin PBXContainerItemProxy section */
		E6E5CB482A4D523A00EA0031 /* PBXContainerItemProxy */ = {
			isa = PBXContainerItemProxy;
			containerPortal = E6E5CB2F2A4D523900EA0031 /* Project object */;
			proxyType = 1;
			remoteGlobalIDString = E6E5CB362A4D523900EA0031;
			remoteInfo = "swiftui-reusable";
		};
		E6E5CB522A4D523A00EA0031 /* PBXContainerItemProxy */ = {
			isa = PBXContainerItemProxy;
			containerPortal = E6E5CB2F2A4D523900EA0031 /* Project object */;
			proxyType = 1;
			remoteGlobalIDString = E6E5CB362A4D523900EA0031;
			remoteInfo = "swiftui-reusable";
		};
/* End PBXContainerItemProxy section */

/* Begin PBXFileReference section */
		E607444F2A52A19600FBE7A2 /* CustomLoginViewModel.swift */ = {isa = PBXFileReference; lastKnownFileType = sourcecode.swift; path = CustomLoginViewModel.swift; sourceTree = "<group>"; };
		E60744522A52A47200FBE7A2 /* CustomLoginViewUIProtocol.swift */ = {isa = PBXFileReference; lastKnownFileType = sourcecode.swift; path = CustomLoginViewUIProtocol.swift; sourceTree = "<group>"; };
		E60744572A52AD8F00FBE7A2 /* LoginViewExample.swift */ = {isa = PBXFileReference; lastKnownFileType = sourcecode.swift; path = LoginViewExample.swift; sourceTree = "<group>"; };
		E607445E2A52D0F700FBE7A2 /* SegmentedLoginView.swift */ = {isa = PBXFileReference; lastKnownFileType = sourcecode.swift; path = SegmentedLoginView.swift; sourceTree = "<group>"; };
		E60744602A52D6FA00FBE7A2 /* LoginType.swift */ = {isa = PBXFileReference; lastKnownFileType = sourcecode.swift; path = LoginType.swift; sourceTree = "<group>"; };
		E6E5CB372A4D523900EA0031 /* swiftui-reusable.app */ = {isa = PBXFileReference; explicitFileType = wrapper.application; includeInIndex = 0; path = "swiftui-reusable.app"; sourceTree = BUILT_PRODUCTS_DIR; };
		E6E5CB3A2A4D523900EA0031 /* swiftui_reusableApp.swift */ = {isa = PBXFileReference; lastKnownFileType = sourcecode.swift; path = swiftui_reusableApp.swift; sourceTree = "<group>"; };
		E6E5CB3C2A4D523900EA0031 /* ContentView.swift */ = {isa = PBXFileReference; lastKnownFileType = sourcecode.swift; path = ContentView.swift; sourceTree = "<group>"; };
		E6E5CB3E2A4D523A00EA0031 /* Assets.xcassets */ = {isa = PBXFileReference; lastKnownFileType = folder.assetcatalog; path = Assets.xcassets; sourceTree = "<group>"; };
		E6E5CB412A4D523A00EA0031 /* Preview Assets.xcassets */ = {isa = PBXFileReference; lastKnownFileType = folder.assetcatalog; path = "Preview Assets.xcassets"; sourceTree = "<group>"; };
		E6E5CB472A4D523A00EA0031 /* swiftui-reusableTests.xctest */ = {isa = PBXFileReference; explicitFileType = wrapper.cfbundle; includeInIndex = 0; path = "swiftui-reusableTests.xctest"; sourceTree = BUILT_PRODUCTS_DIR; };
		E6E5CB4B2A4D523A00EA0031 /* swiftui_reusableTests.swift */ = {isa = PBXFileReference; lastKnownFileType = sourcecode.swift; path = swiftui_reusableTests.swift; sourceTree = "<group>"; };
		E6E5CB512A4D523A00EA0031 /* swiftui-reusableUITests.xctest */ = {isa = PBXFileReference; explicitFileType = wrapper.cfbundle; includeInIndex = 0; path = "swiftui-reusableUITests.xctest"; sourceTree = BUILT_PRODUCTS_DIR; };
		E6E5CB552A4D523A00EA0031 /* swiftui_reusableUITests.swift */ = {isa = PBXFileReference; lastKnownFileType = sourcecode.swift; path = swiftui_reusableUITests.swift; sourceTree = "<group>"; };
		E6E5CB572A4D523A00EA0031 /* swiftui_reusableUITestsLaunchTests.swift */ = {isa = PBXFileReference; lastKnownFileType = sourcecode.swift; path = swiftui_reusableUITestsLaunchTests.swift; sourceTree = "<group>"; };
		E6E5CB672A4D55BF00EA0031 /* CustomTextField.swift */ = {isa = PBXFileReference; lastKnownFileType = sourcecode.swift; path = CustomTextField.swift; sourceTree = "<group>"; };
		E6E5CB692A4D5F8F00EA0031 /* CustomLoginView.swift */ = {isa = PBXFileReference; lastKnownFileType = sourcecode.swift; path = CustomLoginView.swift; sourceTree = "<group>"; };
		E6E5CB6B2A4D61AD00EA0031 /* CustomButton.swift */ = {isa = PBXFileReference; lastKnownFileType = sourcecode.swift; path = CustomButton.swift; sourceTree = "<group>"; };
		E6E5CB6E2A4D73A700EA0031 /* TextfieldModifiers.swift */ = {isa = PBXFileReference; lastKnownFileType = sourcecode.swift; path = TextfieldModifiers.swift; sourceTree = "<group>"; };
		E6E5CB702A4D9D7B00EA0031 /* Vaildation.swift */ = {isa = PBXFileReference; lastKnownFileType = sourcecode.swift; path = Vaildation.swift; sourceTree = "<group>"; };
/* End PBXFileReference section */

/* Begin PBXFrameworksBuildPhase section */
		E6E5CB342A4D523900EA0031 /* Frameworks */ = {
			isa = PBXFrameworksBuildPhase;
			buildActionMask = 2147483647;
			files = (
			);
			runOnlyForDeploymentPostprocessing = 0;
		};
		E6E5CB442A4D523A00EA0031 /* Frameworks */ = {
			isa = PBXFrameworksBuildPhase;
			buildActionMask = 2147483647;
			files = (
			);
			runOnlyForDeploymentPostprocessing = 0;
		};
		E6E5CB4E2A4D523A00EA0031 /* Frameworks */ = {
			isa = PBXFrameworksBuildPhase;
			buildActionMask = 2147483647;
			files = (
			);
			runOnlyForDeploymentPostprocessing = 0;
		};
/* End PBXFrameworksBuildPhase section */

/* Begin PBXGroup section */
		E60744512A52A45B00FBE7A2 /* Login */ = {
			isa = PBXGroup;
			children = (
				E607445B2A52B25200FBE7A2 /* Views */,
				E607445A2A52B23E00FBE7A2 /* Protocols */,
				E60744592A52B23100FBE7A2 /* ViewModels */,
			);
			path = Login;
			sourceTree = "<group>";
		};
		E60744542A52AD6600FBE7A2 /* Example */ = {
			isa = PBXGroup;
			children = (
				E60744572A52AD8F00FBE7A2 /* LoginViewExample.swift */,
			);
			path = Example;
			sourceTree = "<group>";
		};
		E60744592A52B23100FBE7A2 /* ViewModels */ = {
			isa = PBXGroup;
			children = (
				E607444F2A52A19600FBE7A2 /* CustomLoginViewModel.swift */,
			);
			path = ViewModels;
			sourceTree = "<group>";
		};
		E607445A2A52B23E00FBE7A2 /* Protocols */ = {
			isa = PBXGroup;
			children = (
				E60744522A52A47200FBE7A2 /* CustomLoginViewUIProtocol.swift */,
			);
			path = Protocols;
			sourceTree = "<group>";
		};
		E607445B2A52B25200FBE7A2 /* Views */ = {
			isa = PBXGroup;
			children = (
				E6E5CB692A4D5F8F00EA0031 /* CustomLoginView.swift */,
				E607445E2A52D0F700FBE7A2 /* SegmentedLoginView.swift */,
			);
			path = Views;
			sourceTree = "<group>";
		};
		E6E5CB2E2A4D523900EA0031 = {
			isa = PBXGroup;
			children = (
				E6E5CB392A4D523900EA0031 /* swiftui-reusable */,
				E6E5CB4A2A4D523A00EA0031 /* swiftui-reusableTests */,
				E6E5CB542A4D523A00EA0031 /* swiftui-reusableUITests */,
				E6E5CB382A4D523900EA0031 /* Products */,
			);
			sourceTree = "<group>";
		};
		E6E5CB382A4D523900EA0031 /* Products */ = {
			isa = PBXGroup;
			children = (
				E6E5CB372A4D523900EA0031 /* swiftui-reusable.app */,
				E6E5CB472A4D523A00EA0031 /* swiftui-reusableTests.xctest */,
				E6E5CB512A4D523A00EA0031 /* swiftui-reusableUITests.xctest */,
			);
			name = Products;
			sourceTree = "<group>";
		};
		E6E5CB392A4D523900EA0031 /* swiftui-reusable */ = {
			isa = PBXGroup;
			children = (
				E6E5CB642A4D554000EA0031 /* UI */,
				E6E5CB3A2A4D523900EA0031 /* swiftui_reusableApp.swift */,
				E6E5CB3C2A4D523900EA0031 /* ContentView.swift */,
				E6E5CB3E2A4D523A00EA0031 /* Assets.xcassets */,
				E6E5CB402A4D523A00EA0031 /* Preview Content */,
			);
			path = "swiftui-reusable";
			sourceTree = "<group>";
		};
		E6E5CB402A4D523A00EA0031 /* Preview Content */ = {
			isa = PBXGroup;
			children = (
				E6E5CB412A4D523A00EA0031 /* Preview Assets.xcassets */,
			);
			path = "Preview Content";
			sourceTree = "<group>";
		};
		E6E5CB4A2A4D523A00EA0031 /* swiftui-reusableTests */ = {
			isa = PBXGroup;
			children = (
				E6E5CB4B2A4D523A00EA0031 /* swiftui_reusableTests.swift */,
			);
			path = "swiftui-reusableTests";
			sourceTree = "<group>";
		};
		E6E5CB542A4D523A00EA0031 /* swiftui-reusableUITests */ = {
			isa = PBXGroup;
			children = (
				E6E5CB552A4D523A00EA0031 /* swiftui_reusableUITests.swift */,
				E6E5CB572A4D523A00EA0031 /* swiftui_reusableUITestsLaunchTests.swift */,
			);
			path = "swiftui-reusableUITests";
			sourceTree = "<group>";
		};
		E6E5CB642A4D554000EA0031 /* UI */ = {
			isa = PBXGroup;
			children = (
				E60744542A52AD6600FBE7A2 /* Example */,
				E6E5CB6D2A4D739000EA0031 /* Helpers */,
				E6E5CB662A4D55AD00EA0031 /* Screens */,
				E6E5CB652A4D554800EA0031 /* Components */,
			);
			path = UI;
			sourceTree = "<group>";
		};
		E6E5CB652A4D554800EA0031 /* Components */ = {
			isa = PBXGroup;
			children = (
				E6E5CB672A4D55BF00EA0031 /* CustomTextField.swift */,
				E6E5CB6B2A4D61AD00EA0031 /* CustomButton.swift */,
			);
			path = Components;
			sourceTree = "<group>";
		};
		E6E5CB662A4D55AD00EA0031 /* Screens */ = {
			isa = PBXGroup;
			children = (
				E60744512A52A45B00FBE7A2 /* Login */,
			);
			path = Screens;
			sourceTree = "<group>";
		};
		E6E5CB6D2A4D739000EA0031 /* Helpers */ = {
			isa = PBXGroup;
			children = (
				E6E5CB6E2A4D73A700EA0031 /* TextfieldModifiers.swift */,
				E6E5CB702A4D9D7B00EA0031 /* Vaildation.swift */,
				E60744602A52D6FA00FBE7A2 /* LoginType.swift */,
			);
			path = Helpers;
			sourceTree = "<group>";
		};
/* End PBXGroup section */

/* Begin PBXNativeTarget section */
		E6E5CB362A4D523900EA0031 /* swiftui-reusable */ = {
			isa = PBXNativeTarget;
			buildConfigurationList = E6E5CB5B2A4D523A00EA0031 /* Build configuration list for PBXNativeTarget "swiftui-reusable" */;
			buildPhases = (
				E6E5CB332A4D523900EA0031 /* Sources */,
				E6E5CB342A4D523900EA0031 /* Frameworks */,
				E6E5CB352A4D523900EA0031 /* Resources */,
			);
			buildRules = (
			);
			dependencies = (
			);
			name = "swiftui-reusable";
			productName = "swiftui-reusable";
			productReference = E6E5CB372A4D523900EA0031 /* swiftui-reusable.app */;
			productType = "com.apple.product-type.application";
		};
		E6E5CB462A4D523A00EA0031 /* swiftui-reusableTests */ = {
			isa = PBXNativeTarget;
			buildConfigurationList = E6E5CB5E2A4D523A00EA0031 /* Build configuration list for PBXNativeTarget "swiftui-reusableTests" */;
			buildPhases = (
				E6E5CB432A4D523A00EA0031 /* Sources */,
				E6E5CB442A4D523A00EA0031 /* Frameworks */,
				E6E5CB452A4D523A00EA0031 /* Resources */,
			);
			buildRules = (
			);
			dependencies = (
				E6E5CB492A4D523A00EA0031 /* PBXTargetDependency */,
			);
			name = "swiftui-reusableTests";
			productName = "swiftui-reusableTests";
			productReference = E6E5CB472A4D523A00EA0031 /* swiftui-reusableTests.xctest */;
			productType = "com.apple.product-type.bundle.unit-test";
		};
		E6E5CB502A4D523A00EA0031 /* swiftui-reusableUITests */ = {
			isa = PBXNativeTarget;
			buildConfigurationList = E6E5CB612A4D523A00EA0031 /* Build configuration list for PBXNativeTarget "swiftui-reusableUITests" */;
			buildPhases = (
				E6E5CB4D2A4D523A00EA0031 /* Sources */,
				E6E5CB4E2A4D523A00EA0031 /* Frameworks */,
				E6E5CB4F2A4D523A00EA0031 /* Resources */,
			);
			buildRules = (
			);
			dependencies = (
				E6E5CB532A4D523A00EA0031 /* PBXTargetDependency */,
			);
			name = "swiftui-reusableUITests";
			productName = "swiftui-reusableUITests";
			productReference = E6E5CB512A4D523A00EA0031 /* swiftui-reusableUITests.xctest */;
			productType = "com.apple.product-type.bundle.ui-testing";
		};
/* End PBXNativeTarget section */

/* Begin PBXProject section */
		E6E5CB2F2A4D523900EA0031 /* Project object */ = {
			isa = PBXProject;
			attributes = {
				BuildIndependentTargetsInParallel = 1;
				LastSwiftUpdateCheck = 1430;
				LastUpgradeCheck = 1430;
				TargetAttributes = {
					E6E5CB362A4D523900EA0031 = {
						CreatedOnToolsVersion = 14.3;
					};
					E6E5CB462A4D523A00EA0031 = {
						CreatedOnToolsVersion = 14.3;
						TestTargetID = E6E5CB362A4D523900EA0031;
					};
					E6E5CB502A4D523A00EA0031 = {
						CreatedOnToolsVersion = 14.3;
						TestTargetID = E6E5CB362A4D523900EA0031;
					};
				};
			};
			buildConfigurationList = E6E5CB322A4D523900EA0031 /* Build configuration list for PBXProject "swiftui-reusable" */;
			compatibilityVersion = "Xcode 14.0";
			developmentRegion = en;
			hasScannedForEncodings = 0;
			knownRegions = (
				en,
				Base,
			);
			mainGroup = E6E5CB2E2A4D523900EA0031;
			productRefGroup = E6E5CB382A4D523900EA0031 /* Products */;
			projectDirPath = "";
			projectRoot = "";
			targets = (
				E6E5CB362A4D523900EA0031 /* swiftui-reusable */,
				E6E5CB462A4D523A00EA0031 /* swiftui-reusableTests */,
				E6E5CB502A4D523A00EA0031 /* swiftui-reusableUITests */,
			);
		};
/* End PBXProject section */

/* Begin PBXResourcesBuildPhase section */
		E6E5CB352A4D523900EA0031 /* Resources */ = {
			isa = PBXResourcesBuildPhase;
			buildActionMask = 2147483647;
			files = (
				E6E5CB422A4D523A00EA0031 /* Preview Assets.xcassets in Resources */,
				E6E5CB3F2A4D523A00EA0031 /* Assets.xcassets in Resources */,
			);
			runOnlyForDeploymentPostprocessing = 0;
		};
		E6E5CB452A4D523A00EA0031 /* Resources */ = {
			isa = PBXResourcesBuildPhase;
			buildActionMask = 2147483647;
			files = (
			);
			runOnlyForDeploymentPostprocessing = 0;
		};
		E6E5CB4F2A4D523A00EA0031 /* Resources */ = {
			isa = PBXResourcesBuildPhase;
			buildActionMask = 2147483647;
			files = (
			);
			runOnlyForDeploymentPostprocessing = 0;
		};
/* End PBXResourcesBuildPhase section */

/* Begin PBXSourcesBuildPhase section */
		E6E5CB332A4D523900EA0031 /* Sources */ = {
			isa = PBXSourcesBuildPhase;
			buildActionMask = 2147483647;
			files = (
				E6E5CB3D2A4D523900EA0031 /* ContentView.swift in Sources */,
				E60744612A52D6FA00FBE7A2 /* LoginType.swift in Sources */,
				E6E5CB3B2A4D523900EA0031 /* swiftui_reusableApp.swift in Sources */,
				E6E5CB6F2A4D73A700EA0031 /* TextfieldModifiers.swift in Sources */,
				E6E5CB682A4D55BF00EA0031 /* CustomTextField.swift in Sources */,
				E6E5CB712A4D9D7B00EA0031 /* Vaildation.swift in Sources */,
				E607445F2A52D0F700FBE7A2 /* SegmentedLoginView.swift in Sources */,
				E60744502A52A19600FBE7A2 /* CustomLoginViewModel.swift in Sources */,
				E60744532A52A47200FBE7A2 /* CustomLoginViewUIProtocol.swift in Sources */,
				E6E5CB6A2A4D5F8F00EA0031 /* CustomLoginView.swift in Sources */,
				E6E5CB6C2A4D61AD00EA0031 /* CustomButton.swift in Sources */,
				E60744582A52AD8F00FBE7A2 /* LoginViewExample.swift in Sources */,
			);
			runOnlyForDeploymentPostprocessing = 0;
		};
		E6E5CB432A4D523A00EA0031 /* Sources */ = {
			isa = PBXSourcesBuildPhase;
			buildActionMask = 2147483647;
			files = (
				E6E5CB4C2A4D523A00EA0031 /* swiftui_reusableTests.swift in Sources */,
			);
			runOnlyForDeploymentPostprocessing = 0;
		};
		E6E5CB4D2A4D523A00EA0031 /* Sources */ = {
			isa = PBXSourcesBuildPhase;
			buildActionMask = 2147483647;
			files = (
				E6E5CB562A4D523A00EA0031 /* swiftui_reusableUITests.swift in Sources */,
				E6E5CB582A4D523A00EA0031 /* swiftui_reusableUITestsLaunchTests.swift in Sources */,
			);
			runOnlyForDeploymentPostprocessing = 0;
		};
/* End PBXSourcesBuildPhase section */

/* Begin PBXTargetDependency section */
		E6E5CB492A4D523A00EA0031 /* PBXTargetDependency */ = {
			isa = PBXTargetDependency;
			target = E6E5CB362A4D523900EA0031 /* swiftui-reusable */;
			targetProxy = E6E5CB482A4D523A00EA0031 /* PBXContainerItemProxy */;
		};
		E6E5CB532A4D523A00EA0031 /* PBXTargetDependency */ = {
			isa = PBXTargetDependency;
			target = E6E5CB362A4D523900EA0031 /* swiftui-reusable */;
			targetProxy = E6E5CB522A4D523A00EA0031 /* PBXContainerItemProxy */;
		};
/* End PBXTargetDependency section */

/* Begin XCBuildConfiguration section */
		E6E5CB592A4D523A00EA0031 /* Debug */ = {
			isa = XCBuildConfiguration;
			buildSettings = {
				ALWAYS_SEARCH_USER_PATHS = NO;
				CLANG_ANALYZER_NONNULL = YES;
				CLANG_ANALYZER_NUMBER_OBJECT_CONVERSION = YES_AGGRESSIVE;
				CLANG_CXX_LANGUAGE_STANDARD = "gnu++20";
				CLANG_ENABLE_MODULES = YES;
				CLANG_ENABLE_OBJC_ARC = YES;
				CLANG_ENABLE_OBJC_WEAK = YES;
				CLANG_WARN_BLOCK_CAPTURE_AUTORELEASING = YES;
				CLANG_WARN_BOOL_CONVERSION = YES;
				CLANG_WARN_COMMA = YES;
				CLANG_WARN_CONSTANT_CONVERSION = YES;
				CLANG_WARN_DEPRECATED_OBJC_IMPLEMENTATIONS = YES;
				CLANG_WARN_DIRECT_OBJC_ISA_USAGE = YES_ERROR;
				CLANG_WARN_DOCUMENTATION_COMMENTS = YES;
				CLANG_WARN_EMPTY_BODY = YES;
				CLANG_WARN_ENUM_CONVERSION = YES;
				CLANG_WARN_INFINITE_RECURSION = YES;
				CLANG_WARN_INT_CONVERSION = YES;
				CLANG_WARN_NON_LITERAL_NULL_CONVERSION = YES;
				CLANG_WARN_OBJC_IMPLICIT_RETAIN_SELF = YES;
				CLANG_WARN_OBJC_LITERAL_CONVERSION = YES;
				CLANG_WARN_OBJC_ROOT_CLASS = YES_ERROR;
				CLANG_WARN_QUOTED_INCLUDE_IN_FRAMEWORK_HEADER = YES;
				CLANG_WARN_RANGE_LOOP_ANALYSIS = YES;
				CLANG_WARN_STRICT_PROTOTYPES = YES;
				CLANG_WARN_SUSPICIOUS_MOVE = YES;
				CLANG_WARN_UNGUARDED_AVAILABILITY = YES_AGGRESSIVE;
				CLANG_WARN_UNREACHABLE_CODE = YES;
				CLANG_WARN__DUPLICATE_METHOD_MATCH = YES;
				COPY_PHASE_STRIP = NO;
				DEBUG_INFORMATION_FORMAT = dwarf;
				ENABLE_STRICT_OBJC_MSGSEND = YES;
				ENABLE_TESTABILITY = YES;
				GCC_C_LANGUAGE_STANDARD = gnu11;
				GCC_DYNAMIC_NO_PIC = NO;
				GCC_NO_COMMON_BLOCKS = YES;
				GCC_OPTIMIZATION_LEVEL = 0;
				GCC_PREPROCESSOR_DEFINITIONS = (
					"DEBUG=1",
					"$(inherited)",
				);
				GCC_WARN_64_TO_32_BIT_CONVERSION = YES;
				GCC_WARN_ABOUT_RETURN_TYPE = YES_ERROR;
				GCC_WARN_UNDECLARED_SELECTOR = YES;
				GCC_WARN_UNINITIALIZED_AUTOS = YES_AGGRESSIVE;
				GCC_WARN_UNUSED_FUNCTION = YES;
				GCC_WARN_UNUSED_VARIABLE = YES;
				IPHONEOS_DEPLOYMENT_TARGET = 16.4;
				MTL_ENABLE_DEBUG_INFO = INCLUDE_SOURCE;
				MTL_FAST_MATH = YES;
				ONLY_ACTIVE_ARCH = YES;
				SDKROOT = iphoneos;
				SWIFT_ACTIVE_COMPILATION_CONDITIONS = DEBUG;
				SWIFT_OPTIMIZATION_LEVEL = "-Onone";
			};
			name = Debug;
		};
		E6E5CB5A2A4D523A00EA0031 /* Release */ = {
			isa = XCBuildConfiguration;
			buildSettings = {
				ALWAYS_SEARCH_USER_PATHS = NO;
				CLANG_ANALYZER_NONNULL = YES;
				CLANG_ANALYZER_NUMBER_OBJECT_CONVERSION = YES_AGGRESSIVE;
				CLANG_CXX_LANGUAGE_STANDARD = "gnu++20";
				CLANG_ENABLE_MODULES = YES;
				CLANG_ENABLE_OBJC_ARC = YES;
				CLANG_ENABLE_OBJC_WEAK = YES;
				CLANG_WARN_BLOCK_CAPTURE_AUTORELEASING = YES;
				CLANG_WARN_BOOL_CONVERSION = YES;
				CLANG_WARN_COMMA = YES;
				CLANG_WARN_CONSTANT_CONVERSION = YES;
				CLANG_WARN_DEPRECATED_OBJC_IMPLEMENTATIONS = YES;
				CLANG_WARN_DIRECT_OBJC_ISA_USAGE = YES_ERROR;
				CLANG_WARN_DOCUMENTATION_COMMENTS = YES;
				CLANG_WARN_EMPTY_BODY = YES;
				CLANG_WARN_ENUM_CONVERSION = YES;
				CLANG_WARN_INFINITE_RECURSION = YES;
				CLANG_WARN_INT_CONVERSION = YES;
				CLANG_WARN_NON_LITERAL_NULL_CONVERSION = YES;
				CLANG_WARN_OBJC_IMPLICIT_RETAIN_SELF = YES;
				CLANG_WARN_OBJC_LITERAL_CONVERSION = YES;
				CLANG_WARN_OBJC_ROOT_CLASS = YES_ERROR;
				CLANG_WARN_QUOTED_INCLUDE_IN_FRAMEWORK_HEADER = YES;
				CLANG_WARN_RANGE_LOOP_ANALYSIS = YES;
				CLANG_WARN_STRICT_PROTOTYPES = YES;
				CLANG_WARN_SUSPICIOUS_MOVE = YES;
				CLANG_WARN_UNGUARDED_AVAILABILITY = YES_AGGRESSIVE;
				CLANG_WARN_UNREACHABLE_CODE = YES;
				CLANG_WARN__DUPLICATE_METHOD_MATCH = YES;
				COPY_PHASE_STRIP = NO;
				DEBUG_INFORMATION_FORMAT = "dwarf-with-dsym";
				ENABLE_NS_ASSERTIONS = NO;
				ENABLE_STRICT_OBJC_MSGSEND = YES;
				GCC_C_LANGUAGE_STANDARD = gnu11;
				GCC_NO_COMMON_BLOCKS = YES;
				GCC_WARN_64_TO_32_BIT_CONVERSION = YES;
				GCC_WARN_ABOUT_RETURN_TYPE = YES_ERROR;
				GCC_WARN_UNDECLARED_SELECTOR = YES;
				GCC_WARN_UNINITIALIZED_AUTOS = YES_AGGRESSIVE;
				GCC_WARN_UNUSED_FUNCTION = YES;
				GCC_WARN_UNUSED_VARIABLE = YES;
				IPHONEOS_DEPLOYMENT_TARGET = 16.4;
				MTL_ENABLE_DEBUG_INFO = NO;
				MTL_FAST_MATH = YES;
				SDKROOT = iphoneos;
				SWIFT_COMPILATION_MODE = wholemodule;
				SWIFT_OPTIMIZATION_LEVEL = "-O";
				VALIDATE_PRODUCT = YES;
			};
			name = Release;
		};
		E6E5CB5C2A4D523A00EA0031 /* Debug */ = {
			isa = XCBuildConfiguration;
			buildSettings = {
				ASSETCATALOG_COMPILER_APPICON_NAME = AppIcon;
				ASSETCATALOG_COMPILER_GLOBAL_ACCENT_COLOR_NAME = AccentColor;
				CODE_SIGN_STYLE = Automatic;
				CURRENT_PROJECT_VERSION = 1;
				DEVELOPMENT_ASSET_PATHS = "\"swiftui-reusable/Preview Content\"";
				DEVELOPMENT_TEAM = 2P7R4H9ZM8;
				ENABLE_PREVIEWS = YES;
				GENERATE_INFOPLIST_FILE = YES;
				INFOPLIST_KEY_UIApplicationSceneManifest_Generation = YES;
				INFOPLIST_KEY_UIApplicationSupportsIndirectInputEvents = YES;
				INFOPLIST_KEY_UILaunchScreen_Generation = YES;
				INFOPLIST_KEY_UISupportedInterfaceOrientations_iPad = "UIInterfaceOrientationPortrait UIInterfaceOrientationPortraitUpsideDown UIInterfaceOrientationLandscapeLeft UIInterfaceOrientationLandscapeRight";
				INFOPLIST_KEY_UISupportedInterfaceOrientations_iPhone = "UIInterfaceOrientationPortrait UIInterfaceOrientationLandscapeLeft UIInterfaceOrientationLandscapeRight";
				LD_RUNPATH_SEARCH_PATHS = (
					"$(inherited)",
					"@executable_path/Frameworks",
				);
				MARKETING_VERSION = 1.0;
				PRODUCT_BUNDLE_IDENTIFIER = "com.Nickelfox.swiftui-reusable";
				PRODUCT_NAME = "$(TARGET_NAME)";
				SWIFT_EMIT_LOC_STRINGS = YES;
				SWIFT_VERSION = 5.0;
				TARGETED_DEVICE_FAMILY = "1,2";
			};
			name = Debug;
		};
		E6E5CB5D2A4D523A00EA0031 /* Release */ = {
			isa = XCBuildConfiguration;
			buildSettings = {
				ASSETCATALOG_COMPILER_APPICON_NAME = AppIcon;
				ASSETCATALOG_COMPILER_GLOBAL_ACCENT_COLOR_NAME = AccentColor;
				CODE_SIGN_STYLE = Automatic;
				CURRENT_PROJECT_VERSION = 1;
				DEVELOPMENT_ASSET_PATHS = "\"swiftui-reusable/Preview Content\"";
				DEVELOPMENT_TEAM = 2P7R4H9ZM8;
				ENABLE_PREVIEWS = YES;
				GENERATE_INFOPLIST_FILE = YES;
				INFOPLIST_KEY_UIApplicationSceneManifest_Generation = YES;
				INFOPLIST_KEY_UIApplicationSupportsIndirectInputEvents = YES;
				INFOPLIST_KEY_UILaunchScreen_Generation = YES;
				INFOPLIST_KEY_UISupportedInterfaceOrientations_iPad = "UIInterfaceOrientationPortrait UIInterfaceOrientationPortraitUpsideDown UIInterfaceOrientationLandscapeLeft UIInterfaceOrientationLandscapeRight";
				INFOPLIST_KEY_UISupportedInterfaceOrientations_iPhone = "UIInterfaceOrientationPortrait UIInterfaceOrientationLandscapeLeft UIInterfaceOrientationLandscapeRight";
				LD_RUNPATH_SEARCH_PATHS = (
					"$(inherited)",
					"@executable_path/Frameworks",
				);
				MARKETING_VERSION = 1.0;
				PRODUCT_BUNDLE_IDENTIFIER = "com.Nickelfox.swiftui-reusable";
				PRODUCT_NAME = "$(TARGET_NAME)";
				SWIFT_EMIT_LOC_STRINGS = YES;
				SWIFT_VERSION = 5.0;
				TARGETED_DEVICE_FAMILY = "1,2";
			};
			name = Release;
		};
		E6E5CB5F2A4D523A00EA0031 /* Debug */ = {
			isa = XCBuildConfiguration;
			buildSettings = {
				ALWAYS_EMBED_SWIFT_STANDARD_LIBRARIES = YES;
				BUNDLE_LOADER = "$(TEST_HOST)";
				CODE_SIGN_STYLE = Automatic;
				CURRENT_PROJECT_VERSION = 1;
				DEVELOPMENT_TEAM = 2P7R4H9ZM8;
				GENERATE_INFOPLIST_FILE = YES;
				IPHONEOS_DEPLOYMENT_TARGET = 16.4;
				MARKETING_VERSION = 1.0;
				PRODUCT_BUNDLE_IDENTIFIER = "com.Nickelfox.swiftui-reusableTests";
				PRODUCT_NAME = "$(TARGET_NAME)";
				SWIFT_EMIT_LOC_STRINGS = NO;
				SWIFT_VERSION = 5.0;
				TARGETED_DEVICE_FAMILY = "1,2";
				TEST_HOST = "$(BUILT_PRODUCTS_DIR)/swiftui-reusable.app/$(BUNDLE_EXECUTABLE_FOLDER_PATH)/swiftui-reusable";
			};
			name = Debug;
		};
		E6E5CB602A4D523A00EA0031 /* Release */ = {
			isa = XCBuildConfiguration;
			buildSettings = {
				ALWAYS_EMBED_SWIFT_STANDARD_LIBRARIES = YES;
				BUNDLE_LOADER = "$(TEST_HOST)";
				CODE_SIGN_STYLE = Automatic;
				CURRENT_PROJECT_VERSION = 1;
				DEVELOPMENT_TEAM = 2P7R4H9ZM8;
				GENERATE_INFOPLIST_FILE = YES;
				IPHONEOS_DEPLOYMENT_TARGET = 16.4;
				MARKETING_VERSION = 1.0;
				PRODUCT_BUNDLE_IDENTIFIER = "com.Nickelfox.swiftui-reusableTests";
				PRODUCT_NAME = "$(TARGET_NAME)";
				SWIFT_EMIT_LOC_STRINGS = NO;
				SWIFT_VERSION = 5.0;
				TARGETED_DEVICE_FAMILY = "1,2";
				TEST_HOST = "$(BUILT_PRODUCTS_DIR)/swiftui-reusable.app/$(BUNDLE_EXECUTABLE_FOLDER_PATH)/swiftui-reusable";
			};
			name = Release;
		};
		E6E5CB622A4D523A00EA0031 /* Debug */ = {
			isa = XCBuildConfiguration;
			buildSettings = {
				ALWAYS_EMBED_SWIFT_STANDARD_LIBRARIES = YES;
				CODE_SIGN_STYLE = Automatic;
				CURRENT_PROJECT_VERSION = 1;
				DEVELOPMENT_TEAM = 2P7R4H9ZM8;
				GENERATE_INFOPLIST_FILE = YES;
				MARKETING_VERSION = 1.0;
				PRODUCT_BUNDLE_IDENTIFIER = "com.Nickelfox.swiftui-reusableUITests";
				PRODUCT_NAME = "$(TARGET_NAME)";
				SWIFT_EMIT_LOC_STRINGS = NO;
				SWIFT_VERSION = 5.0;
				TARGETED_DEVICE_FAMILY = "1,2";
				TEST_TARGET_NAME = "swiftui-reusable";
			};
			name = Debug;
		};
		E6E5CB632A4D523A00EA0031 /* Release */ = {
			isa = XCBuildConfiguration;
			buildSettings = {
				ALWAYS_EMBED_SWIFT_STANDARD_LIBRARIES = YES;
				CODE_SIGN_STYLE = Automatic;
				CURRENT_PROJECT_VERSION = 1;
				DEVELOPMENT_TEAM = 2P7R4H9ZM8;
				GENERATE_INFOPLIST_FILE = YES;
				MARKETING_VERSION = 1.0;
				PRODUCT_BUNDLE_IDENTIFIER = "com.Nickelfox.swiftui-reusableUITests";
				PRODUCT_NAME = "$(TARGET_NAME)";
				SWIFT_EMIT_LOC_STRINGS = NO;
				SWIFT_VERSION = 5.0;
				TARGETED_DEVICE_FAMILY = "1,2";
				TEST_TARGET_NAME = "swiftui-reusable";
			};
			name = Release;
		};
/* End XCBuildConfiguration section */

/* Begin XCConfigurationList section */
		E6E5CB322A4D523900EA0031 /* Build configuration list for PBXProject "swiftui-reusable" */ = {
			isa = XCConfigurationList;
			buildConfigurations = (
				E6E5CB592A4D523A00EA0031 /* Debug */,
				E6E5CB5A2A4D523A00EA0031 /* Release */,
			);
			defaultConfigurationIsVisible = 0;
			defaultConfigurationName = Release;
		};
		E6E5CB5B2A4D523A00EA0031 /* Build configuration list for PBXNativeTarget "swiftui-reusable" */ = {
			isa = XCConfigurationList;
			buildConfigurations = (
				E6E5CB5C2A4D523A00EA0031 /* Debug */,
				E6E5CB5D2A4D523A00EA0031 /* Release */,
			);
			defaultConfigurationIsVisible = 0;
			defaultConfigurationName = Release;
		};
		E6E5CB5E2A4D523A00EA0031 /* Build configuration list for PBXNativeTarget "swiftui-reusableTests" */ = {
			isa = XCConfigurationList;
			buildConfigurations = (
				E6E5CB5F2A4D523A00EA0031 /* Debug */,
				E6E5CB602A4D523A00EA0031 /* Release */,
			);
			defaultConfigurationIsVisible = 0;
			defaultConfigurationName = Release;
		};
		E6E5CB612A4D523A00EA0031 /* Build configuration list for PBXNativeTarget "swiftui-reusableUITests" */ = {
			isa = XCConfigurationList;
			buildConfigurations = (
				E6E5CB622A4D523A00EA0031 /* Debug */,
				E6E5CB632A4D523A00EA0031 /* Release */,
			);
			defaultConfigurationIsVisible = 0;
			defaultConfigurationName = Release;
		};
/* End XCConfigurationList section */
	};
	rootObject = E6E5CB2F2A4D523900EA0031 /* Project object */;
}
